{
  "name": "server",
  "version": "1.0.0",
  "lockfileVersion": 2,
  "requires": true,
  "packages": {
    "": {
      "name": "server",
      "version": "1.0.0",
      "license": "ISC",
      "dependencies": {
        "@fastify/cors": "8.3.0",
        "fastify": "4.18.0"
      },
      "devDependencies": {
        "@types/node": "20.3.1",
        "typescript": "5.1.3"
      }
    },
    "node_modules/@fastify/ajv-compiler": {
      "version": "3.5.0",
      "resolved": "https://artifactory.artifacts.avp.ru:443/artifactory/api/npm/common-public/@fastify/ajv-compiler/-/ajv-compiler-3.5.0.tgz",
      "integrity": "sha512-ebbEtlI7dxXF5ziNdr05mOY8NnDiPB1XvAlLHctRt/Rc+C3LCOVW5imUVX+mhvUhnNzmPBHewUkOFgGlCxgdAA==",
      "dependencies": {
        "ajv": "^8.11.0",
        "ajv-formats": "^2.1.1",
        "fast-uri": "^2.0.0"
      }
    },
    "node_modules/@fastify/cors": {
      "version": "8.3.0",
      "resolved": "https://artifactory.artifacts.avp.ru:443/artifactory/api/npm/common-public/@fastify/cors/-/cors-8.3.0.tgz",
      "integrity": "sha512-oj9xkka2Tg0MrwuKhsSUumcAkfp2YCnKxmFEusi01pjk1YrdDsuSYTHXEelWNW+ilSy/ApZq0c2SvhKrLX0H1g==",
      "dependencies": {
        "fastify-plugin": "^4.0.0",
        "mnemonist": "0.39.5"
      }
    },
    "node_modules/@fastify/deepmerge": {
      "version": "1.3.0",
      "resolved": "https://artifactory.artifacts.avp.ru:443/artifactory/api/npm/common-public/@fastify/deepmerge/-/deepmerge-1.3.0.tgz",
      "integrity": "sha512-J8TOSBq3SoZbDhM9+R/u77hP93gz/rajSA+K2kGyijPpORPWUXHUpTaleoj+92As0S9uPRP7Oi8IqMf0u+ro6A=="
    },
    "node_modules/@fastify/error": {
      "version": "3.2.1",
      "resolved": "https://artifactory.artifacts.avp.ru:443/artifactory/api/npm/common-public/@fastify/error/-/error-3.2.1.tgz",
      "integrity": "sha512-scZVbcpPNWw/yyFmzzO7cf1daTeJp53spN2n7dBTHZd+cV7791fcWJCPP1Tfhdbre+8vDiCyQyqqXfQnYMntYQ=="
    },
    "node_modules/@fastify/fast-json-stringify-compiler": {
      "version": "4.3.0",
      "resolved": "https://artifactory.artifacts.avp.ru:443/artifactory/api/npm/common-public/@fastify/fast-json-stringify-compiler/-/fast-json-stringify-compiler-4.3.0.tgz",
      "integrity": "sha512-aZAXGYo6m22Fk1zZzEUKBvut/CIIQe/BapEORnxiD5Qr0kPHqqI69NtEMCme74h+at72sPhbkb4ZrLd1W3KRLA==",
      "dependencies": {
        "fast-json-stringify": "^5.7.0"
      }
    },
    "node_modules/@types/node": {
      "version": "20.3.1",
      "resolved": "https://artifactory.artifacts.avp.ru:443/artifactory/api/npm/common-public/@types/node/-/node-20.3.1.tgz",
      "integrity": "sha512-EhcH/wvidPy1WeML3TtYFGR83UzjxeWRen9V402T8aUGYsCHOmfoisV3ZSg03gAFIbLq8TnWOJ0f4cALtnSEUg==",
      "dev": true
    },
    "node_modules/abort-controller": {
      "version": "3.0.0",
      "resolved": "https://artifactory.artifacts.avp.ru:443/artifactory/api/npm/common-public/abort-controller/abort-controller-3.0.0.tgz",
      "integrity": "sha1-6vVNU7YrrkE46AnKIlyEOabvs5I=",
      "dependencies": {
        "event-target-shim": "^5.0.0"
      },
      "engines": {
        "node": ">=6.5"
      }
    },
    "node_modules/abstract-logging": {
      "version": "2.0.1",
      "resolved": "https://artifactory.artifacts.avp.ru:443/artifactory/api/npm/common-public/abstract-logging/-/abstract-logging-2.0.1.tgz",
      "integrity": "sha512-2BjRTZxTPvheOvGbBslFSYOUkr+SjPtOnrLP33f+VIWLzezQpZcqVg7ja3L4dBXmzzgwT+a029jRx5PCi3JuiA=="
    },
    "node_modules/ajv": {
      "version": "8.12.0",
      "resolved": "https://artifactory.artifacts.avp.ru:443/artifactory/api/npm/common-public/ajv/-/ajv-8.12.0.tgz",
      "integrity": "sha512-sRu1kpcO9yLtYxBKvqfTeh9KzZEwO3STyX1HT+4CaDzC6HpTGYhIhPIzj9XuKU7KYDwnaeh5hcOwjy1QuJzBPA==",
      "dependencies": {
        "fast-deep-equal": "^3.1.1",
        "json-schema-traverse": "^1.0.0",
        "require-from-string": "^2.0.2",
        "uri-js": "^4.2.2"
      }
    },
    "node_modules/ajv-formats": {
      "version": "2.1.1",
      "resolved": "https://artifactory.artifacts.avp.ru:443/artifactory/api/npm/common-public/ajv-formats/ajv-formats-2.1.1.tgz",
      "integrity": "sha1-bmaUAGWet0lzu/LjMycYCgmWtSA=",
      "dependencies": {
        "ajv": "^8.0.0"
      },
      "peerDependencies": {
        "ajv": "^8.0.0"
      },
      "peerDependenciesMeta": {
        "ajv": {
          "optional": true
        }
      }
    },
    "node_modules/archy": {
      "version": "1.0.0",
      "resolved": "https://artifactory.artifacts.avp.ru:443/artifactory/api/npm/common-public/archy/archy-1.0.0.tgz",
      "integrity": "sha1-+cjBN1fMHde8N5rHeyxipcKGjEA="
    },
    "node_modules/atomic-sleep": {
      "version": "1.0.0",
      "resolved": "https://artifactory.artifacts.avp.ru:443/artifactory/api/npm/common-public/atomic-sleep/atomic-sleep-1.0.0.tgz",
      "integrity": "sha1-64W3emAfyTLP5DLFrNNkqeLJB1s=",
      "engines": {
        "node": ">=8.0.0"
      }
    },
    "node_modules/avvio": {
      "version": "8.2.1",
      "resolved": "https://artifactory.artifacts.avp.ru:443/artifactory/api/npm/common-public/avvio/-/avvio-8.2.1.tgz",
      "integrity": "sha512-TAlMYvOuwGyLK3PfBb5WKBXZmXz2fVCgv23d6zZFdle/q3gPjmxBaeuC0pY0Dzs5PWMSgfqqEZkrye19GlDTgw==",
      "dependencies": {
        "archy": "^1.0.0",
        "debug": "^4.0.0",
        "fastq": "^1.6.1"
      }
    },
    "node_modules/base64-js": {
      "version": "1.5.1",
      "resolved": "https://artifactory.artifacts.avp.ru:443/artifactory/api/npm/common-public/base64-js/base64-js-1.5.1.tgz",
      "integrity": "sha1-GxtEAWClv3rUC2UPCVljSBkDkwo="
    },
    "node_modules/buffer": {
      "version": "6.0.3",
      "resolved": "https://artifactory.artifacts.avp.ru:443/artifactory/api/npm/common-public/buffer/buffer-6.0.3.tgz",
      "integrity": "sha1-Ks5XhFnMj74qcKqo9S7mO2p0xsY=",
      "dependencies": {
        "base64-js": "^1.3.1",
        "ieee754": "^1.2.1"
      }
    },
    "node_modules/cookie": {
      "version": "0.5.0",
      "resolved": "https://artifactory.artifacts.avp.ru:443/artifactory/api/npm/common-public/cookie/cookie-0.5.0.tgz",
      "integrity": "sha1-0fXXGt7GVYxY84mYfDZqpH6ZT4s=",
      "engines": {
        "node": ">= 0.6"
      }
    },
    "node_modules/debug": {
      "version": "4.3.4",
      "resolved": "https://artifactory.artifacts.avp.ru:443/artifactory/api/npm/common-public/debug/debug-4.3.4.tgz",
      "integrity": "sha1-Exn2V5NX8jONMzfSzdSRS7XcyGU=",
      "dependencies": {
        "ms": "2.1.2"
      },
      "engines": {
        "node": ">=6.0"
      },
      "peerDependenciesMeta": {
        "supports-color": {
          "optional": true
        }
      }
    },
    "node_modules/event-target-shim": {
      "version": "5.0.1",
      "resolved": "https://artifactory.artifacts.avp.ru:443/artifactory/api/npm/common-public/event-target-shim/event-target-shim-5.0.1.tgz",
      "integrity": "sha1-XU0+vflYPWOlMzzi3rdICrKwV4k=",
      "engines": {
        "node": ">=6"
      }
    },
    "node_modules/events": {
      "version": "3.3.0",
      "resolved": "https://artifactory.artifacts.avp.ru:443/artifactory/api/npm/common-public/events/events-3.3.0.tgz",
      "integrity": "sha1-Mala0Kkk4tLEGagTrrLE6HjqdAA=",
      "engines": {
        "node": ">=0.8.x"
      }
    },
    "node_modules/fast-content-type-parse": {
      "version": "1.0.0",
      "resolved": "https://artifactory.artifacts.avp.ru:443/artifactory/api/npm/common-public/fast-content-type-parse/-/fast-content-type-parse-1.0.0.tgz",
      "integrity": "sha512-Xbc4XcysUXcsP5aHUU7Nq3OwvHq97C+WnbkeIefpeYLX+ryzFJlU6OStFJhs6Ol0LkUGpcK+wL0JwfM+FCU5IA=="
    },
    "node_modules/fast-decode-uri-component": {
      "version": "1.0.1",
      "resolved": "https://artifactory.artifacts.avp.ru:443/artifactory/api/npm/common-public/fast-decode-uri-component/fast-decode-uri-component-1.0.1.tgz",
      "integrity": "sha1-Rvi2wisw/3qBNX1PWav66TggJUM="
    },
    "node_modules/fast-deep-equal": {
      "version": "3.1.3",
      "resolved": "https://artifactory.artifacts.avp.ru:443/artifactory/api/npm/common-public/fast-deep-equal/fast-deep-equal-3.1.3.tgz",
      "integrity": "sha1-On1WtVnWy8PrUSMlJE5hmmXGxSU="
    },
    "node_modules/fast-json-stringify": {
      "version": "5.7.0",
      "resolved": "https://artifactory.artifacts.avp.ru:443/artifactory/api/npm/common-public/fast-json-stringify/-/fast-json-stringify-5.7.0.tgz",
      "integrity": "sha512-sBVPTgnAZseLu1Qgj6lUbQ0HfjFhZWXAmpZ5AaSGkyLh5gAXBga/uPJjQPHpDFjC9adWIpdOcCLSDTgrZ7snoQ==",
      "dependencies": {
        "@fastify/deepmerge": "^1.0.0",
        "ajv": "^8.10.0",
        "ajv-formats": "^2.1.1",
        "fast-deep-equal": "^3.1.3",
        "fast-uri": "^2.1.0",
        "rfdc": "^1.2.0"
      }
    },
    "node_modules/fast-querystring": {
      "version": "1.1.2",
      "resolved": "https://artifactory.artifacts.avp.ru:443/artifactory/api/npm/common-public/fast-querystring/-/fast-querystring-1.1.2.tgz",
      "integrity": "sha512-g6KuKWmFXc0fID8WWH0jit4g0AGBoJhCkJMb1RmbsSEUNvQ+ZC8D6CUZ+GtF8nMzSPXnhiePyyqqipzNNEnHjg==",
      "dependencies": {
        "fast-decode-uri-component": "^1.0.1"
      }
    },
    "node_modules/fast-redact": {
      "version": "3.2.0",
      "resolved": "https://artifactory.artifacts.avp.ru:443/artifactory/api/npm/common-public/fast-redact/-/fast-redact-3.2.0.tgz",
      "integrity": "sha512-zaTadChr+NekyzallAMXATXLOR8MNx3zqpZ0MUF2aGf4EathnG0f32VLODNlY8IuGY3HoRO2L6/6fSzNsLaHIw==",
      "engines": {
        "node": ">=6"
      }
    },
    "node_modules/fast-uri": {
      "version": "2.2.0",
      "resolved": "https://artifactory.artifacts.avp.ru:443/artifactory/api/npm/common-public/fast-uri/-/fast-uri-2.2.0.tgz",
      "integrity": "sha512-cIusKBIt/R/oI6z/1nyfe2FvGKVTohVRfvkOhvx0nCEW+xf5NoCXjAHcWp93uOUBchzYcsvPlrapAdX1uW+YGg=="
    },
    "node_modules/fastify": {
      "version": "4.18.0",
      "resolved": "https://artifactory.artifacts.avp.ru:443/artifactory/api/npm/common-public/fastify/-/fastify-4.18.0.tgz",
      "integrity": "sha512-L5o/2GEkBastQ3HV0dtKo7SUZ497Z1+q4fcqAoPyq6JCQ/8zdk1JQEoTQwnBWCp+EmA7AQa6mxNqSAEhzP0RwQ==",
      "dependencies": {
        "@fastify/ajv-compiler": "^3.5.0",
        "@fastify/error": "^3.2.0",
        "@fastify/fast-json-stringify-compiler": "^4.3.0",
        "abstract-logging": "^2.0.1",
        "avvio": "^8.2.1",
        "fast-content-type-parse": "^1.0.0",
        "fast-json-stringify": "^5.7.0",
        "find-my-way": "^7.6.0",
        "light-my-request": "^5.9.1",
        "pino": "^8.12.0",
        "process-warning": "^2.2.0",
        "proxy-addr": "^2.0.7",
        "rfdc": "^1.3.0",
        "secure-json-parse": "^2.5.0",
        "semver": "^7.5.0",
        "tiny-lru": "^11.0.1"
      }
    },
    "node_modules/fastify-plugin": {
      "version": "4.5.0",
      "resolved": "https://artifactory.artifacts.avp.ru:443/artifactory/api/npm/common-public/fastify-plugin/-/fastify-plugin-4.5.0.tgz",
      "integrity": "sha512-79ak0JxddO0utAXAQ5ccKhvs6vX2MGyHHMMsmZkBANrq3hXc1CHzvNPHOcvTsVMEPl5I+NT+RO4YKMGehOfSIg=="
    },
    "node_modules/fastq": {
      "version": "1.15.0",
      "resolved": "https://artifactory.artifacts.avp.ru:443/artifactory/api/npm/common-public/fastq/-/fastq-1.15.0.tgz",
      "integrity": "sha512-wBrocU2LCXXa+lWBt8RoIRD89Fi8OdABODa/kEnyeyjS5aZO5/GNvI5sEINADqP/h8M29UHTHUb53sUu5Ihqdw==",
      "dependencies": {
        "reusify": "^1.0.4"
      }
    },
    "node_modules/find-my-way": {
      "version": "7.6.2",
      "resolved": "https://artifactory.artifacts.avp.ru:443/artifactory/api/npm/common-public/find-my-way/-/find-my-way-7.6.2.tgz",
      "integrity": "sha512-0OjHn1b1nCX3eVbm9ByeEHiscPYiHLfhei1wOUU9qffQkk98wE0Lo8VrVYfSGMgnSnDh86DxedduAnBf4nwUEw==",
      "dependencies": {
        "fast-deep-equal": "^3.1.3",
        "fast-querystring": "^1.0.0",
        "safe-regex2": "^2.0.0"
      },
      "engines": {
        "node": ">=14"
      }
    },
    "node_modules/forwarded": {
      "version": "0.2.0",
      "resolved": "https://artifactory.artifacts.avp.ru:443/artifactory/api/npm/common-public/forwarded/forwarded-0.2.0.tgz",
      "integrity": "sha1-ImmTZCiq1MFcfr6XeahL8LKoGBE=",
      "engines": {
        "node": ">= 0.6"
      }
    },
    "node_modules/ieee754": {
      "version": "1.2.1",
      "resolved": "https://artifactory.artifacts.avp.ru:443/artifactory/api/npm/common-public/ieee754/ieee754-1.2.1.tgz",
      "integrity": "sha1-jrehCmP/8l0VpXsAFYbRd9Gw01I="
    },
    "node_modules/ipaddr.js": {
      "version": "1.9.1",
      "resolved": "https://artifactory.artifacts.avp.ru:443/artifactory/api/npm/common-public/ipaddr.js/ipaddr.js-1.9.1.tgz",
      "integrity": "sha1-v/OFQ+64mEglB5/zoqjmy9RngbM=",
      "engines": {
        "node": ">= 0.10"
      }
    },
    "node_modules/json-schema-traverse": {
      "version": "1.0.0",
      "resolved": "https://artifactory.artifacts.avp.ru:443/artifactory/api/npm/common-public/json-schema-traverse/json-schema-traverse-1.0.0.tgz",
      "integrity": "sha1-rnvLNlard6c7pcSb9lTzjmtoYOI="
    },
    "node_modules/light-my-request": {
      "version": "5.10.0",
      "resolved": "https://artifactory.artifacts.avp.ru:443/artifactory/api/npm/common-public/light-my-request/-/light-my-request-5.10.0.tgz",
      "integrity": "sha512-ZU2D9GmAcOUculTTdH9/zryej6n8TzT+fNGdNtm6SDp5MMMpHrJJkvAdE3c6d8d2chE9i+a//dS9CWZtisknqA==",
      "dependencies": {
        "cookie": "^0.5.0",
        "process-warning": "^2.0.0",
        "set-cookie-parser": "^2.4.1"
      }
    },
    "node_modules/lru-cache": {
      "version": "6.0.0",
      "resolved": "https://artifactory.artifacts.avp.ru:443/artifactory/api/npm/common-public/lru-cache/lru-cache-6.0.0.tgz",
      "integrity": "sha1-bW/mVw69lqr5D8rR2vo7JWbbOpQ=",
      "dependencies": {
        "yallist": "^4.0.0"
      },
      "engines": {
        "node": ">=10"
      }
    },
    "node_modules/mnemonist": {
      "version": "0.39.5",
      "resolved": "https://artifactory.artifacts.avp.ru:443/artifactory/api/npm/common-public/mnemonist/-/mnemonist-0.39.5.tgz",
      "integrity": "sha512-FPUtkhtJ0efmEFGpU14x7jGbTB+s18LrzRL2KgoWz9YvcY3cPomz8tih01GbHwnGk/OmkOKfqd/RAQoc8Lm7DQ==",
      "dependencies": {
        "obliterator": "^2.0.1"
      }
    },
    "node_modules/ms": {
      "version": "2.1.2",
      "resolved": "https://artifactory.artifacts.avp.ru:443/artifactory/api/npm/common-public/ms/ms-2.1.2.tgz",
      "integrity": "sha1-0J0fNXtEP0kzgqjrPM0YOHKuYAk="
    },
    "node_modules/obliterator": {
      "version": "2.0.4",
      "resolved": "https://artifactory.artifacts.avp.ru:443/artifactory/api/npm/common-public/obliterator/-/obliterator-2.0.4.tgz",
      "integrity": "sha512-lgHwxlxV1qIg1Eap7LgIeoBWIMFibOjbrYPIPJZcI1mmGAI2m3lNYpK12Y+GBdPQ0U1hRwSord7GIaawz962qQ=="
    },
    "node_modules/on-exit-leak-free": {
      "version": "2.1.0",
      "resolved": "https://artifactory.artifacts.avp.ru:443/artifactory/api/npm/common-public/on-exit-leak-free/-/on-exit-leak-free-2.1.0.tgz",
      "integrity": "sha512-VuCaZZAjReZ3vUwgOB8LxAosIurDiAW0s13rI1YwmaP++jvcxP77AWoQvenZebpCA2m8WC1/EosPYPMjnRAp/w=="
    },
    "node_modules/pino": {
      "version": "8.14.1",
      "resolved": "https://artifactory.artifacts.avp.ru:443/artifactory/api/npm/common-public/pino/-/pino-8.14.1.tgz",
      "integrity": "sha512-8LYNv7BKWXSfS+k6oEc6occy5La+q2sPwU3q2ljTX5AZk7v+5kND2o5W794FyRaqha6DJajmkNRsWtPpFyMUdw==",
      "dependencies": {
        "atomic-sleep": "^1.0.0",
        "fast-redact": "^3.1.1",
        "on-exit-leak-free": "^2.1.0",
        "pino-abstract-transport": "v1.0.0",
        "pino-std-serializers": "^6.0.0",
        "process-warning": "^2.0.0",
        "quick-format-unescaped": "^4.0.3",
        "real-require": "^0.2.0",
        "safe-stable-stringify": "^2.3.1",
        "sonic-boom": "^3.1.0",
        "thread-stream": "^2.0.0"
      },
      "bin": {
        "pino": "bin.js"
      }
    },
    "node_modules/pino-abstract-transport": {
      "version": "1.0.0",
      "resolved": "https://artifactory.artifacts.avp.ru:443/artifactory/api/npm/common-public/pino-abstract-transport/-/pino-abstract-transport-1.0.0.tgz",
      "integrity": "sha512-c7vo5OpW4wIS42hUVcT5REsL8ZljsUfBjqV/e2sFxmFEFZiq1XLUp5EYLtuDH6PEHq9W1egWqRbnLUP5FuZmOA==",
      "dependencies": {
        "readable-stream": "^4.0.0",
        "split2": "^4.0.0"
      }
    },
    "node_modules/pino-std-serializers": {
      "version": "6.2.1",
      "resolved": "https://artifactory.artifacts.avp.ru:443/artifactory/api/npm/common-public/pino-std-serializers/-/pino-std-serializers-6.2.1.tgz",
      "integrity": "sha512-wHuWB+CvSVb2XqXM0W/WOYUkVSPbiJb9S5fNB7TBhd8s892Xq910bRxwHtC4l71hgztObTjXL6ZheZXFjhDrDQ=="
    },
    "node_modules/process": {
      "version": "0.11.10",
      "resolved": "https://artifactory.artifacts.avp.ru:443/artifactory/api/npm/common-public/process/process-0.11.10.tgz",
      "integrity": "sha1-czIwDoQBYb2j5podHZGn1LwW8YI=",
      "engines": {
        "node": ">= 0.6.0"
      }
    },
    "node_modules/process-warning": {
      "version": "2.2.0",
      "resolved": "https://artifactory.artifacts.avp.ru:443/artifactory/api/npm/common-public/process-warning/-/process-warning-2.2.0.tgz",
      "integrity": "sha512-/1WZ8+VQjR6avWOgHeEPd7SDQmFQ1B5mC1eRXsCm5TarlNmx/wCsa5GEaxGm05BORRtyG/Ex/3xq3TuRvq57qg=="
    },
    "node_modules/proxy-addr": {
      "version": "2.0.7",
      "resolved": "https://artifactory.artifacts.avp.ru:443/artifactory/api/npm/common-public/proxy-addr/proxy-addr-2.0.7.tgz",
      "integrity": "sha1-8Z/mnOqzEe65S0LnDowgcPm6ECU=",
      "dependencies": {
        "forwarded": "0.2.0",
        "ipaddr.js": "1.9.1"
      },
      "engines": {
        "node": ">= 0.10"
      }
    },
    "node_modules/punycode": {
      "version": "2.3.0",
      "resolved": "https://artifactory.artifacts.avp.ru:443/artifactory/api/npm/common-public/punycode/-/punycode-2.3.0.tgz",
      "integrity": "sha512-rRV+zQD8tVFys26lAGR9WUuS4iUAngJScM+ZRSKtvl5tKeZ2t5bvdNFdNHBW9FWR4guGHlgmsZ1G7BSm2wTbuA==",
      "engines": {
        "node": ">=6"
      }
    },
    "node_modules/quick-format-unescaped": {
      "version": "4.0.4",
      "resolved": "https://artifactory.artifacts.avp.ru:443/artifactory/api/npm/common-public/quick-format-unescaped/-/quick-format-unescaped-4.0.4.tgz",
      "integrity": "sha512-tYC1Q1hgyRuHgloV/YXs2w15unPVh8qfu/qCTfhTYamaw7fyhumKa2yGpdSo87vY32rIclj+4fWYQXUMs9EHvg=="
    },
    "node_modules/readable-stream": {
      "version": "4.4.0",
      "resolved": "https://artifactory.artifacts.avp.ru:443/artifactory/api/npm/common-public/readable-stream/-/readable-stream-4.4.0.tgz",
      "integrity": "sha512-kDMOq0qLtxV9f/SQv522h8cxZBqNZXuXNyjyezmfAAuribMyVXziljpQ/uQhfE1XLg2/TLTW2DsnoE4VAi/krg==",
      "dependencies": {
        "abort-controller": "^3.0.0",
        "buffer": "^6.0.3",
        "events": "^3.3.0",
        "process": "^0.11.10"
      },
      "engines": {
        "node": "^12.22.0 || ^14.17.0 || >=16.0.0"
      }
    },
    "node_modules/real-require": {
      "version": "0.2.0",
      "resolved": "https://artifactory.artifacts.avp.ru:443/artifactory/api/npm/common-public/real-require/-/real-require-0.2.0.tgz",
      "integrity": "sha512-57frrGM/OCTLqLOAh0mhVA9VBMHd+9U7Zb2THMGdBUoZVOtGbJzjxsYGDJ3A9AYYCP4hn6y1TVbaOfzWtm5GFg==",
      "engines": {
        "node": ">= 12.13.0"
      }
    },
    "node_modules/require-from-string": {
      "version": "2.0.2",
      "resolved": "https://artifactory.artifacts.avp.ru:443/artifactory/api/npm/common-public/require-from-string/require-from-string-2.0.2.tgz",
      "integrity": "sha1-iaf92TgmEmcxjq/hT5wy5ZjDaQk=",
      "engines": {
        "node": ">=0.10.0"
      }
    },
    "node_modules/ret": {
      "version": "0.2.2",
      "resolved": "https://artifactory.artifacts.avp.ru:443/artifactory/api/npm/common-public/ret/ret-0.2.2.tgz",
      "integrity": "sha1-toYXgqH0di3OQ0Aqcet6KD9EVzw=",
      "engines": {
        "node": ">=4"
      }
    },
    "node_modules/reusify": {
      "version": "1.0.4",
      "resolved": "https://artifactory.artifacts.avp.ru:443/artifactory/api/npm/common-public/reusify/reusify-1.0.4.tgz",
      "integrity": "sha1-kNo4Kx4SbvwCFG6QhFqI2xKSXXY=",
      "engines": {
        "iojs": ">=1.0.0",
        "node": ">=0.10.0"
      }
    },
    "node_modules/rfdc": {
      "version": "1.3.0",
      "resolved": "https://artifactory.artifacts.avp.ru:443/artifactory/api/npm/common-public/rfdc/rfdc-1.3.0.tgz",
      "integrity": "sha1-0LfEQasnINBdxM8m4ByJYx2doIs="
    },
    "node_modules/safe-regex2": {
      "version": "2.0.0",
      "resolved": "https://artifactory.artifacts.avp.ru:443/artifactory/api/npm/common-public/safe-regex2/safe-regex2-2.0.0.tgz",
      "integrity": "sha1-sodSTDl8eimURwNn4BheGRax9bk=",
      "dependencies": {
        "ret": "~0.2.0"
      }
    },
    "node_modules/safe-stable-stringify": {
      "version": "2.4.3",
      "resolved": "https://artifactory.artifacts.avp.ru:443/artifactory/api/npm/common-public/safe-stable-stringify/-/safe-stable-stringify-2.4.3.tgz",
      "integrity": "sha512-e2bDA2WJT0wxseVd4lsDP4+3ONX6HpMXQa1ZhFQ7SU+GjvORCmShbCMltrtIDfkYhVHrOcPtj+KhmDBdPdZD1g==",
      "engines": {
        "node": ">=10"
      }
    },
    "node_modules/secure-json-parse": {
      "version": "2.7.0",
      "resolved": "https://artifactory.artifacts.avp.ru:443/artifactory/api/npm/common-public/secure-json-parse/-/secure-json-parse-2.7.0.tgz",
      "integrity": "sha512-6aU+Rwsezw7VR8/nyvKTx8QpWH9FrcYiXXlqC4z5d5XQBDRqtbfsRjnwGyqbi3gddNtWHuEk9OANUotL26qKUw=="
    },
    "node_modules/semver": {
      "version": "7.5.2",
      "resolved": "https://artifactory.artifacts.avp.ru:443/artifactory/api/npm/common-public/semver/-/semver-7.5.2.tgz",
      "integrity": "sha512-SoftuTROv/cRjCze/scjGyiDtcUyxw1rgYQSZY7XTmtR5hX+dm76iDbTH8TkLPHCQmlbQVSSbNZCPM2hb0knnQ==",
      "dependencies": {
        "lru-cache": "^6.0.0"
      },
      "bin": {
        "semver": "bin/semver.js"
      },
      "engines": {
        "node": ">=10"
      }
    },
    "node_modules/set-cookie-parser": {
      "version": "2.6.0",
      "resolved": "https://artifactory.artifacts.avp.ru:443/artifactory/api/npm/common-public/set-cookie-parser/-/set-cookie-parser-2.6.0.tgz",
      "integrity": "sha512-RVnVQxTXuerk653XfuliOxBP81Sf0+qfQE73LIYKcyMYHG94AuH0kgrQpRDuTZnSmjpysHmzxJXKNfa6PjFhyQ=="
    },
    "node_modules/sonic-boom": {
      "version": "3.3.0",
      "resolved": "https://artifactory.artifacts.avp.ru:443/artifactory/api/npm/common-public/sonic-boom/-/sonic-boom-3.3.0.tgz",
      "integrity": "sha512-LYxp34KlZ1a2Jb8ZQgFCK3niIHzibdwtwNUWKg0qQRzsDoJ3Gfgkf8KdBTFU3SkejDEIlWwnSnpVdOZIhFMl/g==",
      "dependencies": {
        "atomic-sleep": "^1.0.0"
      }
    },
    "node_modules/split2": {
      "version": "4.2.0",
      "resolved": "https://artifactory.artifacts.avp.ru:443/artifactory/api/npm/common-public/split2/-/split2-4.2.0.tgz",
      "integrity": "sha512-UcjcJOWknrNkF6PLX83qcHM6KHgVKNkV62Y8a5uYDVv9ydGQVwAHMKqHdJje1VTWpljG0WYpCDhrCdAOYH4TWg==",
      "engines": {
        "node": ">= 10.x"
      }
    },
    "node_modules/thread-stream": {
      "version": "2.3.0",
      "resolved": "https://artifactory.artifacts.avp.ru:443/artifactory/api/npm/common-public/thread-stream/-/thread-stream-2.3.0.tgz",
      "integrity": "sha512-kaDqm1DET9pp3NXwR8382WHbnpXnRkN9xGN9dQt3B2+dmXiW8X1SOwmFOxAErEQ47ObhZ96J6yhZNXuyCOL7KA==",
      "dependencies": {
        "real-require": "^0.2.0"
      }
    },
    "node_modules/tiny-lru": {
      "version": "11.0.1",
      "resolved": "https://artifactory.artifacts.avp.ru:443/artifactory/api/npm/common-public/tiny-lru/-/tiny-lru-11.0.1.tgz",
      "integrity": "sha512-iNgFugVuQgBKrqeO/mpiTTgmBsTP0WL6yeuLfLs/Ctf0pI/ixGqIRm8sDCwMcXGe9WWvt2sGXI5mNqZbValmJg==",
      "engines": {
        "node": ">=12"
      }
    },
    "node_modules/typescript": {
      "version": "5.1.3",
      "resolved": "https://artifactory.artifacts.avp.ru:443/artifactory/api/npm/common-public/typescript/-/typescript-5.1.3.tgz",
      "integrity": "sha512-XH627E9vkeqhlZFQuL+UsyAXEnibT0kWR2FWONlr4sTjvxyJYnyefgrkyECLzM5NenmKzRAy2rR/OlYLA1HkZw==",
      "dev": true,
      "bin": {
        "tsc": "bin/tsc",
        "tsserver": "bin/tsserver"
      },
      "engines": {
        "node": ">=14.17"
      }
    },
    "node_modules/uri-js": {
      "version": "4.4.1",
      "resolved": "https://artifactory.artifacts.avp.ru:443/artifactory/api/npm/common-public/uri-js/uri-js-4.4.1.tgz",
      "integrity": "sha1-mxpSWVIlhZ5V9mnZKPiMbFfyp34=",
      "dependencies": {
        "punycode": "^2.1.0"
      }
    },
    "node_modules/yallist": {
      "version": "4.0.0",
      "resolved": "https://artifactory.artifacts.avp.ru:443/artifactory/api/npm/common-public/yallist/yallist-4.0.0.tgz",
      "integrity": "sha1-m7knkNnA7/7GO+c1GeEaNQGaOnI="
    }
  },
  "dependencies": {
    "@fastify/ajv-compiler": {
      "version": "3.5.0",
      "resolved": "https://artifactory.artifacts.avp.ru:443/artifactory/api/npm/common-public/@fastify/ajv-compiler/-/ajv-compiler-3.5.0.tgz",
      "integrity": "sha512-ebbEtlI7dxXF5ziNdr05mOY8NnDiPB1XvAlLHctRt/Rc+C3LCOVW5imUVX+mhvUhnNzmPBHewUkOFgGlCxgdAA==",
      "requires": {
        "ajv": "^8.11.0",
        "ajv-formats": "^2.1.1",
        "fast-uri": "^2.0.0"
      }
    },
    "@fastify/cors": {
      "version": "8.3.0",
      "resolved": "https://artifactory.artifacts.avp.ru:443/artifactory/api/npm/common-public/@fastify/cors/-/cors-8.3.0.tgz",
      "integrity": "sha512-oj9xkka2Tg0MrwuKhsSUumcAkfp2YCnKxmFEusi01pjk1YrdDsuSYTHXEelWNW+ilSy/ApZq0c2SvhKrLX0H1g==",
      "requires": {
        "fastify-plugin": "^4.0.0",
        "mnemonist": "0.39.5"
      }
    },
    "@fastify/deepmerge": {
      "version": "1.3.0",
      "resolved": "https://artifactory.artifacts.avp.ru:443/artifactory/api/npm/common-public/@fastify/deepmerge/-/deepmerge-1.3.0.tgz",
      "integrity": "sha512-J8TOSBq3SoZbDhM9+R/u77hP93gz/rajSA+K2kGyijPpORPWUXHUpTaleoj+92As0S9uPRP7Oi8IqMf0u+ro6A=="
    },
    "@fastify/error": {
      "version": "3.2.1",
      "resolved": "https://artifactory.artifacts.avp.ru:443/artifactory/api/npm/common-public/@fastify/error/-/error-3.2.1.tgz",
      "integrity": "sha512-scZVbcpPNWw/yyFmzzO7cf1daTeJp53spN2n7dBTHZd+cV7791fcWJCPP1Tfhdbre+8vDiCyQyqqXfQnYMntYQ=="
    },
    "@fastify/fast-json-stringify-compiler": {
      "version": "4.3.0",
      "resolved": "https://artifactory.artifacts.avp.ru:443/artifactory/api/npm/common-public/@fastify/fast-json-stringify-compiler/-/fast-json-stringify-compiler-4.3.0.tgz",
      "integrity": "sha512-aZAXGYo6m22Fk1zZzEUKBvut/CIIQe/BapEORnxiD5Qr0kPHqqI69NtEMCme74h+at72sPhbkb4ZrLd1W3KRLA==",
      "requires": {
        "fast-json-stringify": "^5.7.0"
      }
    },
    "@types/node": {
      "version": "20.3.1",
      "resolved": "https://artifactory.artifacts.avp.ru:443/artifactory/api/npm/common-public/@types/node/-/node-20.3.1.tgz",
      "integrity": "sha512-EhcH/wvidPy1WeML3TtYFGR83UzjxeWRen9V402T8aUGYsCHOmfoisV3ZSg03gAFIbLq8TnWOJ0f4cALtnSEUg==",
      "dev": true
    },
    "abort-controller": {
      "version": "3.0.0",
      "resolved": "https://artifactory.artifacts.avp.ru:443/artifactory/api/npm/common-public/abort-controller/abort-controller-3.0.0.tgz",
      "integrity": "sha1-6vVNU7YrrkE46AnKIlyEOabvs5I=",
      "requires": {
        "event-target-shim": "^5.0.0"
      }
    },
    "abstract-logging": {
      "version": "2.0.1",
      "resolved": "https://artifactory.artifacts.avp.ru:443/artifactory/api/npm/common-public/abstract-logging/-/abstract-logging-2.0.1.tgz",
      "integrity": "sha512-2BjRTZxTPvheOvGbBslFSYOUkr+SjPtOnrLP33f+VIWLzezQpZcqVg7ja3L4dBXmzzgwT+a029jRx5PCi3JuiA=="
    },
    "ajv": {
      "version": "8.12.0",
      "resolved": "https://artifactory.artifacts.avp.ru:443/artifactory/api/npm/common-public/ajv/-/ajv-8.12.0.tgz",
      "integrity": "sha512-sRu1kpcO9yLtYxBKvqfTeh9KzZEwO3STyX1HT+4CaDzC6HpTGYhIhPIzj9XuKU7KYDwnaeh5hcOwjy1QuJzBPA==",
      "requires": {
        "fast-deep-equal": "^3.1.1",
        "json-schema-traverse": "^1.0.0",
        "require-from-string": "^2.0.2",
        "uri-js": "^4.2.2"
      }
    },
    "ajv-formats": {
      "version": "2.1.1",
      "resolved": "https://artifactory.artifacts.avp.ru:443/artifactory/api/npm/common-public/ajv-formats/ajv-formats-2.1.1.tgz",
      "integrity": "sha1-bmaUAGWet0lzu/LjMycYCgmWtSA=",
      "requires": {
        "ajv": "^8.0.0"
      }
    },
    "archy": {
      "version": "1.0.0",
      "resolved": "https://artifactory.artifacts.avp.ru:443/artifactory/api/npm/common-public/archy/archy-1.0.0.tgz",
      "integrity": "sha1-+cjBN1fMHde8N5rHeyxipcKGjEA="
    },
    "atomic-sleep": {
      "version": "1.0.0",
      "resolved": "https://artifactory.artifacts.avp.ru:443/artifactory/api/npm/common-public/atomic-sleep/atomic-sleep-1.0.0.tgz",
      "integrity": "sha1-64W3emAfyTLP5DLFrNNkqeLJB1s="
    },
    "avvio": {
      "version": "8.2.1",
      "resolved": "https://artifactory.artifacts.avp.ru:443/artifactory/api/npm/common-public/avvio/-/avvio-8.2.1.tgz",
      "integrity": "sha512-TAlMYvOuwGyLK3PfBb5WKBXZmXz2fVCgv23d6zZFdle/q3gPjmxBaeuC0pY0Dzs5PWMSgfqqEZkrye19GlDTgw==",
      "requires": {
        "archy": "^1.0.0",
        "debug": "^4.0.0",
        "fastq": "^1.6.1"
      }
    },
    "base64-js": {
      "version": "1.5.1",
      "resolved": "https://artifactory.artifacts.avp.ru:443/artifactory/api/npm/common-public/base64-js/base64-js-1.5.1.tgz",
      "integrity": "sha1-GxtEAWClv3rUC2UPCVljSBkDkwo="
    },
    "buffer": {
      "version": "6.0.3",
      "resolved": "https://artifactory.artifacts.avp.ru:443/artifactory/api/npm/common-public/buffer/buffer-6.0.3.tgz",
      "integrity": "sha1-Ks5XhFnMj74qcKqo9S7mO2p0xsY=",
      "requires": {
        "base64-js": "^1.3.1",
        "ieee754": "^1.2.1"
      }
    },
    "cookie": {
      "version": "0.5.0",
      "resolved": "https://artifactory.artifacts.avp.ru:443/artifactory/api/npm/common-public/cookie/cookie-0.5.0.tgz",
      "integrity": "sha1-0fXXGt7GVYxY84mYfDZqpH6ZT4s="
    },
    "debug": {
      "version": "4.3.4",
      "resolved": "https://artifactory.artifacts.avp.ru:443/artifactory/api/npm/common-public/debug/debug-4.3.4.tgz",
      "integrity": "sha1-Exn2V5NX8jONMzfSzdSRS7XcyGU=",
      "requires": {
        "ms": "2.1.2"
      }
    },
    "event-target-shim": {
      "version": "5.0.1",
      "resolved": "https://artifactory.artifacts.avp.ru:443/artifactory/api/npm/common-public/event-target-shim/event-target-shim-5.0.1.tgz",
      "integrity": "sha1-XU0+vflYPWOlMzzi3rdICrKwV4k="
    },
    "events": {
      "version": "3.3.0",
      "resolved": "https://artifactory.artifacts.avp.ru:443/artifactory/api/npm/common-public/events/events-3.3.0.tgz",
      "integrity": "sha1-Mala0Kkk4tLEGagTrrLE6HjqdAA="
    },
    "fast-content-type-parse": {
      "version": "1.0.0",
      "resolved": "https://artifactory.artifacts.avp.ru:443/artifactory/api/npm/common-public/fast-content-type-parse/-/fast-content-type-parse-1.0.0.tgz",
      "integrity": "sha512-Xbc4XcysUXcsP5aHUU7Nq3OwvHq97C+WnbkeIefpeYLX+ryzFJlU6OStFJhs6Ol0LkUGpcK+wL0JwfM+FCU5IA=="
    },
    "fast-decode-uri-component": {
      "version": "1.0.1",
      "resolved": "https://artifactory.artifacts.avp.ru:443/artifactory/api/npm/common-public/fast-decode-uri-component/fast-decode-uri-component-1.0.1.tgz",
      "integrity": "sha1-Rvi2wisw/3qBNX1PWav66TggJUM="
    },
    "fast-deep-equal": {
      "version": "3.1.3",
      "resolved": "https://artifactory.artifacts.avp.ru:443/artifactory/api/npm/common-public/fast-deep-equal/fast-deep-equal-3.1.3.tgz",
      "integrity": "sha1-On1WtVnWy8PrUSMlJE5hmmXGxSU="
    },
    "fast-json-stringify": {
      "version": "5.7.0",
      "resolved": "https://artifactory.artifacts.avp.ru:443/artifactory/api/npm/common-public/fast-json-stringify/-/fast-json-stringify-5.7.0.tgz",
      "integrity": "sha512-sBVPTgnAZseLu1Qgj6lUbQ0HfjFhZWXAmpZ5AaSGkyLh5gAXBga/uPJjQPHpDFjC9adWIpdOcCLSDTgrZ7snoQ==",
      "requires": {
        "@fastify/deepmerge": "^1.0.0",
        "ajv": "^8.10.0",
        "ajv-formats": "^2.1.1",
        "fast-deep-equal": "^3.1.3",
        "fast-uri": "^2.1.0",
        "rfdc": "^1.2.0"
      }
    },
    "fast-querystring": {
      "version": "1.1.2",
      "resolved": "https://artifactory.artifacts.avp.ru:443/artifactory/api/npm/common-public/fast-querystring/-/fast-querystring-1.1.2.tgz",
      "integrity": "sha512-g6KuKWmFXc0fID8WWH0jit4g0AGBoJhCkJMb1RmbsSEUNvQ+ZC8D6CUZ+GtF8nMzSPXnhiePyyqqipzNNEnHjg==",
      "requires": {
        "fast-decode-uri-component": "^1.0.1"
      }
    },
    "fast-redact": {
      "version": "3.2.0",
      "resolved": "https://artifactory.artifacts.avp.ru:443/artifactory/api/npm/common-public/fast-redact/-/fast-redact-3.2.0.tgz",
      "integrity": "sha512-zaTadChr+NekyzallAMXATXLOR8MNx3zqpZ0MUF2aGf4EathnG0f32VLODNlY8IuGY3HoRO2L6/6fSzNsLaHIw=="
    },
    "fast-uri": {
      "version": "2.2.0",
      "resolved": "https://artifactory.artifacts.avp.ru:443/artifactory/api/npm/common-public/fast-uri/-/fast-uri-2.2.0.tgz",
      "integrity": "sha512-cIusKBIt/R/oI6z/1nyfe2FvGKVTohVRfvkOhvx0nCEW+xf5NoCXjAHcWp93uOUBchzYcsvPlrapAdX1uW+YGg=="
    },
    "fastify": {
      "version": "4.18.0",
      "resolved": "https://artifactory.artifacts.avp.ru:443/artifactory/api/npm/common-public/fastify/-/fastify-4.18.0.tgz",
      "integrity": "sha512-L5o/2GEkBastQ3HV0dtKo7SUZ497Z1+q4fcqAoPyq6JCQ/8zdk1JQEoTQwnBWCp+EmA7AQa6mxNqSAEhzP0RwQ==",
      "requires": {
        "@fastify/ajv-compiler": "^3.5.0",
        "@fastify/error": "^3.2.0",
        "@fastify/fast-json-stringify-compiler": "^4.3.0",
        "abstract-logging": "^2.0.1",
        "avvio": "^8.2.1",
        "fast-content-type-parse": "^1.0.0",
        "fast-json-stringify": "^5.7.0",
        "find-my-way": "^7.6.0",
        "light-my-request": "^5.9.1",
        "pino": "^8.12.0",
        "process-warning": "^2.2.0",
        "proxy-addr": "^2.0.7",
        "rfdc": "^1.3.0",
        "secure-json-parse": "^2.5.0",
        "semver": "^7.5.0",
        "tiny-lru": "^11.0.1"
      }
    },
    "fastify-plugin": {
      "version": "4.5.0",
      "resolved": "https://artifactory.artifacts.avp.ru:443/artifactory/api/npm/common-public/fastify-plugin/-/fastify-plugin-4.5.0.tgz",
      "integrity": "sha512-79ak0JxddO0utAXAQ5ccKhvs6vX2MGyHHMMsmZkBANrq3hXc1CHzvNPHOcvTsVMEPl5I+NT+RO4YKMGehOfSIg=="
    },
    "fastq": {
      "version": "1.15.0",
      "resolved": "https://artifactory.artifacts.avp.ru:443/artifactory/api/npm/common-public/fastq/-/fastq-1.15.0.tgz",
      "integrity": "sha512-wBrocU2LCXXa+lWBt8RoIRD89Fi8OdABODa/kEnyeyjS5aZO5/GNvI5sEINADqP/h8M29UHTHUb53sUu5Ihqdw==",
      "requires": {
        "reusify": "^1.0.4"
      }
    },
    "find-my-way": {
      "version": "7.6.2",
      "resolved": "https://artifactory.artifacts.avp.ru:443/artifactory/api/npm/common-public/find-my-way/-/find-my-way-7.6.2.tgz",
      "integrity": "sha512-0OjHn1b1nCX3eVbm9ByeEHiscPYiHLfhei1wOUU9qffQkk98wE0Lo8VrVYfSGMgnSnDh86DxedduAnBf4nwUEw==",
      "requires": {
        "fast-deep-equal": "^3.1.3",
        "fast-querystring": "^1.0.0",
        "safe-regex2": "^2.0.0"
      }
    },
    "forwarded": {
      "version": "0.2.0",
      "resolved": "https://artifactory.artifacts.avp.ru:443/artifactory/api/npm/common-public/forwarded/forwarded-0.2.0.tgz",
      "integrity": "sha1-ImmTZCiq1MFcfr6XeahL8LKoGBE="
    },
    "ieee754": {
      "version": "1.2.1",
      "resolved": "https://artifactory.artifacts.avp.ru:443/artifactory/api/npm/common-public/ieee754/ieee754-1.2.1.tgz",
      "integrity": "sha1-jrehCmP/8l0VpXsAFYbRd9Gw01I="
    },
    "ipaddr.js": {
      "version": "1.9.1",
      "resolved": "https://artifactory.artifacts.avp.ru:443/artifactory/api/npm/common-public/ipaddr.js/ipaddr.js-1.9.1.tgz",
      "integrity": "sha1-v/OFQ+64mEglB5/zoqjmy9RngbM="
    },
    "json-schema-traverse": {
      "version": "1.0.0",
      "resolved": "https://artifactory.artifacts.avp.ru:443/artifactory/api/npm/common-public/json-schema-traverse/json-schema-traverse-1.0.0.tgz",
      "integrity": "sha1-rnvLNlard6c7pcSb9lTzjmtoYOI="
    },
    "light-my-request": {
      "version": "5.10.0",
      "resolved": "https://artifactory.artifacts.avp.ru:443/artifactory/api/npm/common-public/light-my-request/-/light-my-request-5.10.0.tgz",
      "integrity": "sha512-ZU2D9GmAcOUculTTdH9/zryej6n8TzT+fNGdNtm6SDp5MMMpHrJJkvAdE3c6d8d2chE9i+a//dS9CWZtisknqA==",
      "requires": {
        "cookie": "^0.5.0",
        "process-warning": "^2.0.0",
        "set-cookie-parser": "^2.4.1"
      }
    },
    "lru-cache": {
      "version": "6.0.0",
      "resolved": "https://artifactory.artifacts.avp.ru:443/artifactory/api/npm/common-public/lru-cache/lru-cache-6.0.0.tgz",
      "integrity": "sha1-bW/mVw69lqr5D8rR2vo7JWbbOpQ=",
      "requires": {
        "yallist": "^4.0.0"
      }
    },
    "mnemonist": {
      "version": "0.39.5",
      "resolved": "https://artifactory.artifacts.avp.ru:443/artifactory/api/npm/common-public/mnemonist/-/mnemonist-0.39.5.tgz",
      "integrity": "sha512-FPUtkhtJ0efmEFGpU14x7jGbTB+s18LrzRL2KgoWz9YvcY3cPomz8tih01GbHwnGk/OmkOKfqd/RAQoc8Lm7DQ==",
      "requires": {
        "obliterator": "^2.0.1"
      }
    },
    "ms": {
      "version": "2.1.2",
      "resolved": "https://artifactory.artifacts.avp.ru:443/artifactory/api/npm/common-public/ms/ms-2.1.2.tgz",
      "integrity": "sha1-0J0fNXtEP0kzgqjrPM0YOHKuYAk="
    },
    "obliterator": {
      "version": "2.0.4",
      "resolved": "https://artifactory.artifacts.avp.ru:443/artifactory/api/npm/common-public/obliterator/-/obliterator-2.0.4.tgz",
      "integrity": "sha512-lgHwxlxV1qIg1Eap7LgIeoBWIMFibOjbrYPIPJZcI1mmGAI2m3lNYpK12Y+GBdPQ0U1hRwSord7GIaawz962qQ=="
    },
    "on-exit-leak-free": {
      "version": "2.1.0",
      "resolved": "https://artifactory.artifacts.avp.ru:443/artifactory/api/npm/common-public/on-exit-leak-free/-/on-exit-leak-free-2.1.0.tgz",
      "integrity": "sha512-VuCaZZAjReZ3vUwgOB8LxAosIurDiAW0s13rI1YwmaP++jvcxP77AWoQvenZebpCA2m8WC1/EosPYPMjnRAp/w=="
    },
    "pino": {
      "version": "8.14.1",
      "resolved": "https://artifactory.artifacts.avp.ru:443/artifactory/api/npm/common-public/pino/-/pino-8.14.1.tgz",
      "integrity": "sha512-8LYNv7BKWXSfS+k6oEc6occy5La+q2sPwU3q2ljTX5AZk7v+5kND2o5W794FyRaqha6DJajmkNRsWtPpFyMUdw==",
      "requires": {
        "atomic-sleep": "^1.0.0",
        "fast-redact": "^3.1.1",
        "on-exit-leak-free": "^2.1.0",
        "pino-abstract-transport": "v1.0.0",
        "pino-std-serializers": "^6.0.0",
        "process-warning": "^2.0.0",
        "quick-format-unescaped": "^4.0.3",
        "real-require": "^0.2.0",
        "safe-stable-stringify": "^2.3.1",
        "sonic-boom": "^3.1.0",
        "thread-stream": "^2.0.0"
      }
    },
    "pino-abstract-transport": {
      "version": "1.0.0",
      "resolved": "https://artifactory.artifacts.avp.ru:443/artifactory/api/npm/common-public/pino-abstract-transport/-/pino-abstract-transport-1.0.0.tgz",
      "integrity": "sha512-c7vo5OpW4wIS42hUVcT5REsL8ZljsUfBjqV/e2sFxmFEFZiq1XLUp5EYLtuDH6PEHq9W1egWqRbnLUP5FuZmOA==",
      "requires": {
        "readable-stream": "^4.0.0",
        "split2": "^4.0.0"
      }
    },
    "pino-std-serializers": {
      "version": "6.2.1",
      "resolved": "https://artifactory.artifacts.avp.ru:443/artifactory/api/npm/common-public/pino-std-serializers/-/pino-std-serializers-6.2.1.tgz",
      "integrity": "sha512-wHuWB+CvSVb2XqXM0W/WOYUkVSPbiJb9S5fNB7TBhd8s892Xq910bRxwHtC4l71hgztObTjXL6ZheZXFjhDrDQ=="
    },
    "process": {
      "version": "0.11.10",
      "resolved": "https://artifactory.artifacts.avp.ru:443/artifactory/api/npm/common-public/process/process-0.11.10.tgz",
      "integrity": "sha1-czIwDoQBYb2j5podHZGn1LwW8YI="
    },
    "process-warning": {
      "version": "2.2.0",
      "resolved": "https://artifactory.artifacts.avp.ru:443/artifactory/api/npm/common-public/process-warning/-/process-warning-2.2.0.tgz",
      "integrity": "sha512-/1WZ8+VQjR6avWOgHeEPd7SDQmFQ1B5mC1eRXsCm5TarlNmx/wCsa5GEaxGm05BORRtyG/Ex/3xq3TuRvq57qg=="
    },
    "proxy-addr": {
      "version": "2.0.7",
      "resolved": "https://artifactory.artifacts.avp.ru:443/artifactory/api/npm/common-public/proxy-addr/proxy-addr-2.0.7.tgz",
      "integrity": "sha1-8Z/mnOqzEe65S0LnDowgcPm6ECU=",
      "requires": {
        "forwarded": "0.2.0",
        "ipaddr.js": "1.9.1"
      }
    },
    "punycode": {
      "version": "2.3.0",
      "resolved": "https://artifactory.artifacts.avp.ru:443/artifactory/api/npm/common-public/punycode/-/punycode-2.3.0.tgz",
      "integrity": "sha512-rRV+zQD8tVFys26lAGR9WUuS4iUAngJScM+ZRSKtvl5tKeZ2t5bvdNFdNHBW9FWR4guGHlgmsZ1G7BSm2wTbuA=="
    },
    "quick-format-unescaped": {
      "version": "4.0.4",
      "resolved": "https://artifactory.artifacts.avp.ru:443/artifactory/api/npm/common-public/quick-format-unescaped/-/quick-format-unescaped-4.0.4.tgz",
      "integrity": "sha512-tYC1Q1hgyRuHgloV/YXs2w15unPVh8qfu/qCTfhTYamaw7fyhumKa2yGpdSo87vY32rIclj+4fWYQXUMs9EHvg=="
    },
    "readable-stream": {
      "version": "4.4.0",
      "resolved": "https://artifactory.artifacts.avp.ru:443/artifactory/api/npm/common-public/readable-stream/-/readable-stream-4.4.0.tgz",
      "integrity": "sha512-kDMOq0qLtxV9f/SQv522h8cxZBqNZXuXNyjyezmfAAuribMyVXziljpQ/uQhfE1XLg2/TLTW2DsnoE4VAi/krg==",
      "requires": {
        "abort-controller": "^3.0.0",
        "buffer": "^6.0.3",
        "events": "^3.3.0",
        "process": "^0.11.10"
      }
    },
    "real-require": {
      "version": "0.2.0",
      "resolved": "https://artifactory.artifacts.avp.ru:443/artifactory/api/npm/common-public/real-require/-/real-require-0.2.0.tgz",
      "integrity": "sha512-57frrGM/OCTLqLOAh0mhVA9VBMHd+9U7Zb2THMGdBUoZVOtGbJzjxsYGDJ3A9AYYCP4hn6y1TVbaOfzWtm5GFg=="
    },
    "require-from-string": {
      "version": "2.0.2",
      "resolved": "https://artifactory.artifacts.avp.ru:443/artifactory/api/npm/common-public/require-from-string/require-from-string-2.0.2.tgz",
      "integrity": "sha1-iaf92TgmEmcxjq/hT5wy5ZjDaQk="
    },
    "ret": {
      "version": "0.2.2",
      "resolved": "https://artifactory.artifacts.avp.ru:443/artifactory/api/npm/common-public/ret/ret-0.2.2.tgz",
      "integrity": "sha1-toYXgqH0di3OQ0Aqcet6KD9EVzw="
    },
    "reusify": {
      "version": "1.0.4",
      "resolved": "https://artifactory.artifacts.avp.ru:443/artifactory/api/npm/common-public/reusify/reusify-1.0.4.tgz",
      "integrity": "sha1-kNo4Kx4SbvwCFG6QhFqI2xKSXXY="
    },
    "rfdc": {
      "version": "1.3.0",
      "resolved": "https://artifactory.artifacts.avp.ru:443/artifactory/api/npm/common-public/rfdc/rfdc-1.3.0.tgz",
      "integrity": "sha1-0LfEQasnINBdxM8m4ByJYx2doIs="
    },
    "safe-regex2": {
      "version": "2.0.0",
      "resolved": "https://artifactory.artifacts.avp.ru:443/artifactory/api/npm/common-public/safe-regex2/safe-regex2-2.0.0.tgz",
      "integrity": "sha1-sodSTDl8eimURwNn4BheGRax9bk=",
      "requires": {
        "ret": "~0.2.0"
      }
    },
    "safe-stable-stringify": {
      "version": "2.4.3",
      "resolved": "https://artifactory.artifacts.avp.ru:443/artifactory/api/npm/common-public/safe-stable-stringify/-/safe-stable-stringify-2.4.3.tgz",
      "integrity": "sha512-e2bDA2WJT0wxseVd4lsDP4+3ONX6HpMXQa1ZhFQ7SU+GjvORCmShbCMltrtIDfkYhVHrOcPtj+KhmDBdPdZD1g=="
    },
    "secure-json-parse": {
      "version": "2.7.0",
      "resolved": "https://artifactory.artifacts.avp.ru:443/artifactory/api/npm/common-public/secure-json-parse/-/secure-json-parse-2.7.0.tgz",
      "integrity": "sha512-6aU+Rwsezw7VR8/nyvKTx8QpWH9FrcYiXXlqC4z5d5XQBDRqtbfsRjnwGyqbi3gddNtWHuEk9OANUotL26qKUw=="
    },
    "semver": {
      "version": "7.5.2",
      "resolved": "https://artifactory.artifacts.avp.ru:443/artifactory/api/npm/common-public/semver/-/semver-7.5.2.tgz",
      "integrity": "sha512-SoftuTROv/cRjCze/scjGyiDtcUyxw1rgYQSZY7XTmtR5hX+dm76iDbTH8TkLPHCQmlbQVSSbNZCPM2hb0knnQ==",
      "requires": {
        "lru-cache": "^6.0.0"
      }
    },
    "set-cookie-parser": {
      "version": "2.6.0",
      "resolved": "https://artifactory.artifacts.avp.ru:443/artifactory/api/npm/common-public/set-cookie-parser/-/set-cookie-parser-2.6.0.tgz",
      "integrity": "sha512-RVnVQxTXuerk653XfuliOxBP81Sf0+qfQE73LIYKcyMYHG94AuH0kgrQpRDuTZnSmjpysHmzxJXKNfa6PjFhyQ=="
    },
    "sonic-boom": {
      "version": "3.3.0",
      "resolved": "https://artifactory.artifacts.avp.ru:443/artifactory/api/npm/common-public/sonic-boom/-/sonic-boom-3.3.0.tgz",
      "integrity": "sha512-LYxp34KlZ1a2Jb8ZQgFCK3niIHzibdwtwNUWKg0qQRzsDoJ3Gfgkf8KdBTFU3SkejDEIlWwnSnpVdOZIhFMl/g==",
      "requires": {
        "atomic-sleep": "^1.0.0"
      }
    },
    "split2": {
      "version": "4.2.0",
      "resolved": "https://artifactory.artifacts.avp.ru:443/artifactory/api/npm/common-public/split2/-/split2-4.2.0.tgz",
      "integrity": "sha512-UcjcJOWknrNkF6PLX83qcHM6KHgVKNkV62Y8a5uYDVv9ydGQVwAHMKqHdJje1VTWpljG0WYpCDhrCdAOYH4TWg=="
    },
    "thread-stream": {
      "version": "2.3.0",
      "resolved": "https://artifactory.artifacts.avp.ru:443/artifactory/api/npm/common-public/thread-stream/-/thread-stream-2.3.0.tgz",
      "integrity": "sha512-kaDqm1DET9pp3NXwR8382WHbnpXnRkN9xGN9dQt3B2+dmXiW8X1SOwmFOxAErEQ47ObhZ96J6yhZNXuyCOL7KA==",
      "requires": {
        "real-require": "^0.2.0"
      }
    },
    "tiny-lru": {
      "version": "11.0.1",
      "resolved": "https://artifactory.artifacts.avp.ru:443/artifactory/api/npm/common-public/tiny-lru/-/tiny-lru-11.0.1.tgz",
      "integrity": "sha512-iNgFugVuQgBKrqeO/mpiTTgmBsTP0WL6yeuLfLs/Ctf0pI/ixGqIRm8sDCwMcXGe9WWvt2sGXI5mNqZbValmJg=="
    },
    "typescript": {
      "version": "5.1.3",
      "resolved": "https://artifactory.artifacts.avp.ru:443/artifactory/api/npm/common-public/typescript/-/typescript-5.1.3.tgz",
      "integrity": "sha512-XH627E9vkeqhlZFQuL+UsyAXEnibT0kWR2FWONlr4sTjvxyJYnyefgrkyECLzM5NenmKzRAy2rR/OlYLA1HkZw==",
      "dev": true
    },
    "uri-js": {
      "version": "4.4.1",
      "resolved": "https://artifactory.artifacts.avp.ru:443/artifactory/api/npm/common-public/uri-js/uri-js-4.4.1.tgz",
      "integrity": "sha1-mxpSWVIlhZ5V9mnZKPiMbFfyp34=",
      "requires": {
        "punycode": "^2.1.0"
      }
    },
    "yallist": {
      "version": "4.0.0",
      "resolved": "https://artifactory.artifacts.avp.ru:443/artifactory/api/npm/common-public/yallist/yallist-4.0.0.tgz",
      "integrity": "sha1-m7knkNnA7/7GO+c1GeEaNQGaOnI="
    }
  }
}
